// !$*UTF8*$!
{
	archiveVersion = 1;
	classes = {
	};
	objectVersion = 56;
	objects = {

/* Begin PBXBuildFile section */
		09BC521C2AE38D5D007E5618 /* AddMemberModal_Sample.swift in Sources */ = {isa = PBXBuildFile; fileRef = 09BC521B2AE38D5D007E5618 /* AddMemberModal_Sample.swift */; };
		09BC52232AE3A036007E5618 /* ImagePicker.swift in Sources */ = {isa = PBXBuildFile; fileRef = 09BC52222AE3A036007E5618 /* ImagePicker.swift */; };
		09CDE7202AD7B0DE000D1F21 /* gdsc_ios_tutorial_by_sujileeleaApp.swift in Sources */ = {isa = PBXBuildFile; fileRef = 09CDE71F2AD7B0DE000D1F21 /* gdsc_ios_tutorial_by_sujileeleaApp.swift */; };
		09CDE7222AD7B0DE000D1F21 /* ContentView.swift in Sources */ = {isa = PBXBuildFile; fileRef = 09CDE7212AD7B0DE000D1F21 /* ContentView.swift */; };
		09CDE7242AD7B0E1000D1F21 /* Assets.xcassets in Resources */ = {isa = PBXBuildFile; fileRef = 09CDE7232AD7B0E1000D1F21 /* Assets.xcassets */; };
		09CDE7272AD7B0E1000D1F21 /* Preview Assets.xcassets in Resources */ = {isa = PBXBuildFile; fileRef = 09CDE7262AD7B0E1000D1F21 /* Preview Assets.xcassets */; };
		09CDE72F2AD7B107000D1F21 /* EntryView.swift in Sources */ = {isa = PBXBuildFile; fileRef = 09CDE72E2AD7B107000D1F21 /* EntryView.swift */; };
		09CDE7312AD7B119000D1F21 /* MemberList.swift in Sources */ = {isa = PBXBuildFile; fileRef = 09CDE7302AD7B119000D1F21 /* MemberList.swift */; };
		09CDE7342AD7B27C000D1F21 /* EntryView_Sample.swift in Sources */ = {isa = PBXBuildFile; fileRef = 09CDE7332AD7B27C000D1F21 /* EntryView_Sample.swift */; };
		09CDE7362AD7B28B000D1F21 /* MemberList_Sample.swift in Sources */ = {isa = PBXBuildFile; fileRef = 09CDE7352AD7B28B000D1F21 /* MemberList_Sample.swift */; };
		09CDE7382AD7CDED000D1F21 /* MemberCard_Sample.swift in Sources */ = {isa = PBXBuildFile; fileRef = 09CDE7372AD7CDED000D1F21 /* MemberCard_Sample.swift */; };
		09CDE73A2AD7F619000D1F21 /* AddMemberModal.swift in Sources */ = {isa = PBXBuildFile; fileRef = 09CDE7392AD7F619000D1F21 /* AddMemberModal.swift */; };
		09CDE73C2AD7F626000D1F21 /* EditMemberModal_Sample.swift in Sources */ = {isa = PBXBuildFile; fileRef = 09CDE73B2AD7F626000D1F21 /* EditMemberModal_Sample.swift */; };
		09CDE73E2AD80193000D1F21 /* MemberCard.swift in Sources */ = {isa = PBXBuildFile; fileRef = 09CDE73D2AD80193000D1F21 /* MemberCard.swift */; };
		09CDE75C2AE0F32D000D1F21 /* Member.swift in Sources */ = {isa = PBXBuildFile; fileRef = 09CDE75B2AE0F32D000D1F21 /* Member.swift */; };
/* End PBXBuildFile section */

/* Begin PBXFileReference section */
		09BC521B2AE38D5D007E5618 /* AddMemberModal_Sample.swift */ = {isa = PBXFileReference; lastKnownFileType = sourcecode.swift; path = AddMemberModal_Sample.swift; sourceTree = "<group>"; };
		09BC52222AE3A036007E5618 /* ImagePicker.swift */ = {isa = PBXFileReference; lastKnownFileType = sourcecode.swift; path = ImagePicker.swift; sourceTree = "<group>"; };
		09CDE71C2AD7B0DE000D1F21 /* gdsc-ios-tutorial-by-sujileelea.app */ = {isa = PBXFileReference; explicitFileType = wrapper.application; includeInIndex = 0; path = "gdsc-ios-tutorial-by-sujileelea.app"; sourceTree = BUILT_PRODUCTS_DIR; };
		09CDE71F2AD7B0DE000D1F21 /* gdsc_ios_tutorial_by_sujileeleaApp.swift */ = {isa = PBXFileReference; lastKnownFileType = sourcecode.swift; path = gdsc_ios_tutorial_by_sujileeleaApp.swift; sourceTree = "<group>"; };
		09CDE7212AD7B0DE000D1F21 /* ContentView.swift */ = {isa = PBXFileReference; lastKnownFileType = sourcecode.swift; path = ContentView.swift; sourceTree = "<group>"; };
		09CDE7232AD7B0E1000D1F21 /* Assets.xcassets */ = {isa = PBXFileReference; lastKnownFileType = folder.assetcatalog; path = Assets.xcassets; sourceTree = "<group>"; };
		09CDE7262AD7B0E1000D1F21 /* Preview Assets.xcassets */ = {isa = PBXFileReference; lastKnownFileType = folder.assetcatalog; path = "Preview Assets.xcassets"; sourceTree = "<group>"; };
		09CDE72E2AD7B107000D1F21 /* EntryView.swift */ = {isa = PBXFileReference; lastKnownFileType = sourcecode.swift; path = EntryView.swift; sourceTree = "<group>"; };
		09CDE7302AD7B119000D1F21 /* MemberList.swift */ = {isa = PBXFileReference; lastKnownFileType = sourcecode.swift; path = MemberList.swift; sourceTree = "<group>"; };
		09CDE7332AD7B27C000D1F21 /* EntryView_Sample.swift */ = {isa = PBXFileReference; lastKnownFileType = sourcecode.swift; path = EntryView_Sample.swift; sourceTree = "<group>"; };
		09CDE7352AD7B28B000D1F21 /* MemberList_Sample.swift */ = {isa = PBXFileReference; lastKnownFileType = sourcecode.swift; path = MemberList_Sample.swift; sourceTree = "<group>"; };
		09CDE7372AD7CDED000D1F21 /* MemberCard_Sample.swift */ = {isa = PBXFileReference; lastKnownFileType = sourcecode.swift; path = MemberCard_Sample.swift; sourceTree = "<group>"; };
		09CDE7392AD7F619000D1F21 /* AddMemberModal.swift */ = {isa = PBXFileReference; lastKnownFileType = sourcecode.swift; path = AddMemberModal.swift; sourceTree = "<group>"; };
		09CDE73B2AD7F626000D1F21 /* EditMemberModal_Sample.swift */ = {isa = PBXFileReference; lastKnownFileType = sourcecode.swift; path = EditMemberModal_Sample.swift; sourceTree = "<group>"; };
		09CDE73D2AD80193000D1F21 /* MemberCard.swift */ = {isa = PBXFileReference; lastKnownFileType = sourcecode.swift; path = MemberCard.swift; sourceTree = "<group>"; };
		09CDE75B2AE0F32D000D1F21 /* Member.swift */ = {isa = PBXFileReference; lastKnownFileType = sourcecode.swift; path = Member.swift; sourceTree = "<group>"; };
/* End PBXFileReference section */

/* Begin PBXFrameworksBuildPhase section */
		09CDE7192AD7B0DE000D1F21 /* Frameworks */ = {
			isa = PBXFrameworksBuildPhase;
			buildActionMask = 2147483647;
			files = (
			);
			runOnlyForDeploymentPostprocessing = 0;
		};
/* End PBXFrameworksBuildPhase section */

/* Begin PBXGroup section */
		09BC52182AE38D21007E5618 /* Entry */ = {
			isa = PBXGroup;
			children = (
				09CDE7332AD7B27C000D1F21 /* EntryView_Sample.swift */,
			);
			path = Entry;
			sourceTree = "<group>";
		};
		09BC52192AE38D28007E5618 /* MemberList */ = {
			isa = PBXGroup;
			children = (
				09CDE7352AD7B28B000D1F21 /* MemberList_Sample.swift */,
				09CDE7372AD7CDED000D1F21 /* MemberCard_Sample.swift */,
			);
			path = MemberList;
			sourceTree = "<group>";
		};
		09BC521A2AE38D3F007E5618 /* ActionModal */ = {
			isa = PBXGroup;
			children = (
				09BC521B2AE38D5D007E5618 /* AddMemberModal_Sample.swift */,
				09CDE73B2AD7F626000D1F21 /* EditMemberModal_Sample.swift */,
			);
			path = ActionModal;
			sourceTree = "<group>";
		};
		09BC521F2AE398FA007E5618 /* Image */ = {
			isa = PBXGroup;
			children = (
				09BC52222AE3A036007E5618 /* ImagePicker.swift */,
			);
			path = Image;
			sourceTree = "<group>";
		};
		09CDE7132AD7B0DE000D1F21 = {
			isa = PBXGroup;
			children = (
				09CDE71E2AD7B0DE000D1F21 /* gdsc-ios-tutorial-by-sujileelea */,
				09CDE71D2AD7B0DE000D1F21 /* Products */,
			);
			sourceTree = "<group>";
		};
		09CDE71D2AD7B0DE000D1F21 /* Products */ = {
			isa = PBXGroup;
			children = (
				09CDE71C2AD7B0DE000D1F21 /* gdsc-ios-tutorial-by-sujileelea.app */,
			);
			name = Products;
			sourceTree = "<group>";
		};
		09CDE71E2AD7B0DE000D1F21 /* gdsc-ios-tutorial-by-sujileelea */ = {
			isa = PBXGroup;
			children = (
				09CDE71F2AD7B0DE000D1F21 /* gdsc_ios_tutorial_by_sujileeleaApp.swift */,
				09CDE7212AD7B0DE000D1F21 /* ContentView.swift */,
				09CDE75A2AE0F322000D1F21 /* Model */,
				09CDE72D2AD7B0F3000D1F21 /* View */,
				09BC521F2AE398FA007E5618 /* Image */,
				09CDE7232AD7B0E1000D1F21 /* Assets.xcassets */,
				09CDE7252AD7B0E1000D1F21 /* Preview Content */,
			);
			path = "gdsc-ios-tutorial-by-sujileelea";
			sourceTree = "<group>";
		};
		09CDE7252AD7B0E1000D1F21 /* Preview Content */ = {
			isa = PBXGroup;
			children = (
				09CDE7262AD7B0E1000D1F21 /* Preview Assets.xcassets */,
			);
			path = "Preview Content";
			sourceTree = "<group>";
		};
		09CDE72D2AD7B0F3000D1F21 /* View */ = {
			isa = PBXGroup;
			children = (
				09CDE72E2AD7B107000D1F21 /* EntryView.swift */,
				09CDE7302AD7B119000D1F21 /* MemberList.swift */,
				09CDE73D2AD80193000D1F21 /* MemberCard.swift */,
				09CDE7392AD7F619000D1F21 /* AddMemberModal.swift */,
				09CDE73F2AD801C1000D1F21 /* Sample */,
			);
			path = View;
			sourceTree = "<group>";
		};
		09CDE73F2AD801C1000D1F21 /* Sample */ = {
			isa = PBXGroup;
			children = (
				09BC52182AE38D21007E5618 /* Entry */,
				09BC52192AE38D28007E5618 /* MemberList */,
				09BC521A2AE38D3F007E5618 /* ActionModal */,
			);
			path = Sample;
			sourceTree = "<group>";
		};
		09CDE75A2AE0F322000D1F21 /* Model */ = {
			isa = PBXGroup;
			children = (
				09CDE75B2AE0F32D000D1F21 /* Member.swift */,
			);
			path = Model;
			sourceTree = "<group>";
		};
/* End PBXGroup section */

/* Begin PBXNativeTarget section */
		09CDE71B2AD7B0DE000D1F21 /* gdsc-ios-tutorial-by-sujileelea */ = {
			isa = PBXNativeTarget;
			buildConfigurationList = 09CDE72A2AD7B0E1000D1F21 /* Build configuration list for PBXNativeTarget "gdsc-ios-tutorial-by-sujileelea" */;
			buildPhases = (
				09CDE7182AD7B0DE000D1F21 /* Sources */,
				09CDE7192AD7B0DE000D1F21 /* Frameworks */,
				09CDE71A2AD7B0DE000D1F21 /* Resources */,
			);
			buildRules = (
			);
			dependencies = (
			);
			name = "gdsc-ios-tutorial-by-sujileelea";
			productName = "gdsc-ios-tutorial-by-sujileelea";
			productReference = 09CDE71C2AD7B0DE000D1F21 /* gdsc-ios-tutorial-by-sujileelea.app */;
			productType = "com.apple.product-type.application";
		};
/* End PBXNativeTarget section */

/* Begin PBXProject section */
		09CDE7142AD7B0DE000D1F21 /* Project object */ = {
			isa = PBXProject;
			attributes = {
				BuildIndependentTargetsInParallel = 1;
				LastSwiftUpdateCheck = 1500;
				LastUpgradeCheck = 1500;
				TargetAttributes = {
					09CDE71B2AD7B0DE000D1F21 = {
						CreatedOnToolsVersion = 15.0;
					};
				};
			};
			buildConfigurationList = 09CDE7172AD7B0DE000D1F21 /* Build configuration list for PBXProject "gdsc-ios-tutorial-by-sujileelea" */;
			compatibilityVersion = "Xcode 14.0";
			developmentRegion = en;
			hasScannedForEncodings = 0;
			knownRegions = (
				en,
				Base,
			);
			mainGroup = 09CDE7132AD7B0DE000D1F21;
			productRefGroup = 09CDE71D2AD7B0DE000D1F21 /* Products */;
			projectDirPath = "";
			projectRoot = "";
			targets = (
				09CDE71B2AD7B0DE000D1F21 /* gdsc-ios-tutorial-by-sujileelea */,
			);
		};
/* End PBXProject section */

/* Begin PBXResourcesBuildPhase section */
		09CDE71A2AD7B0DE000D1F21 /* Resources */ = {
			isa = PBXResourcesBuildPhase;
			buildActionMask = 2147483647;
			files = (
				09CDE7272AD7B0E1000D1F21 /* Preview Assets.xcassets in Resources */,
				09CDE7242AD7B0E1000D1F21 /* Assets.xcassets in Resources */,
			);
			runOnlyForDeploymentPostprocessing = 0;
		};
/* End PBXResourcesBuildPhase section */

/* Begin PBXSourcesBuildPhase section */
		09CDE7182AD7B0DE000D1F21 /* Sources */ = {
			isa = PBXSourcesBuildPhase;
			buildActionMask = 2147483647;
			files = (
				09CDE7342AD7B27C000D1F21 /* EntryView_Sample.swift in Sources */,
				09CDE7222AD7B0DE000D1F21 /* ContentView.swift in Sources */,
				09CDE7362AD7B28B000D1F21 /* MemberList_Sample.swift in Sources */,
				09BC52232AE3A036007E5618 /* ImagePicker.swift in Sources */,
				09CDE7202AD7B0DE000D1F21 /* gdsc_ios_tutorial_by_sujileeleaApp.swift in Sources */,
				09CDE7312AD7B119000D1F21 /* MemberList.swift in Sources */,
				09CDE73E2AD80193000D1F21 /* MemberCard.swift in Sources */,
				09CDE73A2AD7F619000D1F21 /* AddMemberModal.swift in Sources */,
				09CDE7382AD7CDED000D1F21 /* MemberCard_Sample.swift in Sources */,
				09CDE73C2AD7F626000D1F21 /* EditMemberModal_Sample.swift in Sources */,
				09BC521C2AE38D5D007E5618 /* AddMemberModal_Sample.swift in Sources */,
				09CDE72F2AD7B107000D1F21 /* EntryView.swift in Sources */,
				09CDE75C2AE0F32D000D1F21 /* Member.swift in Sources */,
			);
			runOnlyForDeploymentPostprocessing = 0;
		};
/* End PBXSourcesBuildPhase section */

/* Begin XCBuildConfiguration section */
		09CDE7282AD7B0E1000D1F21 /* Debug */ = {
			isa = XCBuildConfiguration;
			buildSettings = {
				ALWAYS_SEARCH_USER_PATHS = NO;
				ASSETCATALOG_COMPILER_GENERATE_SWIFT_ASSET_SYMBOL_EXTENSIONS = YES;
				CLANG_ANALYZER_NONNULL = YES;
				CLANG_ANALYZER_NUMBER_OBJECT_CONVERSION = YES_AGGRESSIVE;
				CLANG_CXX_LANGUAGE_STANDARD = "gnu++20";
				CLANG_ENABLE_MODULES = YES;
				CLANG_ENABLE_OBJC_ARC = YES;
				CLANG_ENABLE_OBJC_WEAK = YES;
				CLANG_WARN_BLOCK_CAPTURE_AUTORELEASING = YES;
				CLANG_WARN_BOOL_CONVERSION = YES;
				CLANG_WARN_COMMA = YES;
				CLANG_WARN_CONSTANT_CONVERSION = YES;
				CLANG_WARN_DEPRECATED_OBJC_IMPLEMENTATIONS = YES;
				CLANG_WARN_DIRECT_OBJC_ISA_USAGE = YES_ERROR;
				CLANG_WARN_DOCUMENTATION_COMMENTS = YES;
				CLANG_WARN_EMPTY_BODY = YES;
				CLANG_WARN_ENUM_CONVERSION = YES;
				CLANG_WARN_INFINITE_RECURSION = YES;
				CLANG_WARN_INT_CONVERSION = YES;
				CLANG_WARN_NON_LITERAL_NULL_CONVERSION = YES;
				CLANG_WARN_OBJC_IMPLICIT_RETAIN_SELF = YES;
				CLANG_WARN_OBJC_LITERAL_CONVERSION = YES;
				CLANG_WARN_OBJC_ROOT_CLASS = YES_ERROR;
				CLANG_WARN_QUOTED_INCLUDE_IN_FRAMEWORK_HEADER = YES;
				CLANG_WARN_RANGE_LOOP_ANALYSIS = YES;
				CLANG_WARN_STRICT_PROTOTYPES = YES;
				CLANG_WARN_SUSPICIOUS_MOVE = YES;
				CLANG_WARN_UNGUARDED_AVAILABILITY = YES_AGGRESSIVE;
				CLANG_WARN_UNREACHABLE_CODE = YES;
				CLANG_WARN__DUPLICATE_METHOD_MATCH = YES;
				COPY_PHASE_STRIP = NO;
				DEBUG_INFORMATION_FORMAT = dwarf;
				ENABLE_STRICT_OBJC_MSGSEND = YES;
				ENABLE_TESTABILITY = YES;
				ENABLE_USER_SCRIPT_SANDBOXING = YES;
				GCC_C_LANGUAGE_STANDARD = gnu17;
				GCC_DYNAMIC_NO_PIC = NO;
				GCC_NO_COMMON_BLOCKS = YES;
				GCC_OPTIMIZATION_LEVEL = 0;
				GCC_PREPROCESSOR_DEFINITIONS = (
					"DEBUG=1",
					"$(inherited)",
				);
				GCC_WARN_64_TO_32_BIT_CONVERSION = YES;
				GCC_WARN_ABOUT_RETURN_TYPE = YES_ERROR;
				GCC_WARN_UNDECLARED_SELECTOR = YES;
				GCC_WARN_UNINITIALIZED_AUTOS = YES_AGGRESSIVE;
				GCC_WARN_UNUSED_FUNCTION = YES;
				GCC_WARN_UNUSED_VARIABLE = YES;
				IPHONEOS_DEPLOYMENT_TARGET = 17.0;
				LOCALIZATION_PREFERS_STRING_CATALOGS = YES;
				MTL_ENABLE_DEBUG_INFO = INCLUDE_SOURCE;
				MTL_FAST_MATH = YES;
				ONLY_ACTIVE_ARCH = YES;
				SDKROOT = iphoneos;
				SWIFT_ACTIVE_COMPILATION_CONDITIONS = "DEBUG $(inherited)";
				SWIFT_OPTIMIZATION_LEVEL = "-Onone";
			};
			name = Debug;
		};
		09CDE7292AD7B0E1000D1F21 /* Release */ = {
			isa = XCBuildConfiguration;
			buildSettings = {
				ALWAYS_SEARCH_USER_PATHS = NO;
				ASSETCATALOG_COMPILER_GENERATE_SWIFT_ASSET_SYMBOL_EXTENSIONS = YES;
				CLANG_ANALYZER_NONNULL = YES;
				CLANG_ANALYZER_NUMBER_OBJECT_CONVERSION = YES_AGGRESSIVE;
				CLANG_CXX_LANGUAGE_STANDARD = "gnu++20";
				CLANG_ENABLE_MODULES = YES;
				CLANG_ENABLE_OBJC_ARC = YES;
				CLANG_ENABLE_OBJC_WEAK = YES;
				CLANG_WARN_BLOCK_CAPTURE_AUTORELEASING = YES;
				CLANG_WARN_BOOL_CONVERSION = YES;
				CLANG_WARN_COMMA = YES;
				CLANG_WARN_CONSTANT_CONVERSION = YES;
				CLANG_WARN_DEPRECATED_OBJC_IMPLEMENTATIONS = YES;
				CLANG_WARN_DIRECT_OBJC_ISA_USAGE = YES_ERROR;
				CLANG_WARN_DOCUMENTATION_COMMENTS = YES;
				CLANG_WARN_EMPTY_BODY = YES;
				CLANG_WARN_ENUM_CONVERSION = YES;
				CLANG_WARN_INFINITE_RECURSION = YES;
				CLANG_WARN_INT_CONVERSION = YES;
				CLANG_WARN_NON_LITERAL_NULL_CONVERSION = YES;
				CLANG_WARN_OBJC_IMPLICIT_RETAIN_SELF = YES;
				CLANG_WARN_OBJC_LITERAL_CONVERSION = YES;
				CLANG_WARN_OBJC_ROOT_CLASS = YES_ERROR;
				CLANG_WARN_QUOTED_INCLUDE_IN_FRAMEWORK_HEADER = YES;
				CLANG_WARN_RANGE_LOOP_ANALYSIS = YES;
				CLANG_WARN_STRICT_PROTOTYPES = YES;
				CLANG_WARN_SUSPICIOUS_MOVE = YES;
				CLANG_WARN_UNGUARDED_AVAILABILITY = YES_AGGRESSIVE;
				CLANG_WARN_UNREACHABLE_CODE = YES;
				CLANG_WARN__DUPLICATE_METHOD_MATCH = YES;
				COPY_PHASE_STRIP = NO;
				DEBUG_INFORMATION_FORMAT = "dwarf-with-dsym";
				ENABLE_NS_ASSERTIONS = NO;
				ENABLE_STRICT_OBJC_MSGSEND = YES;
				ENABLE_USER_SCRIPT_SANDBOXING = YES;
				GCC_C_LANGUAGE_STANDARD = gnu17;
				GCC_NO_COMMON_BLOCKS = YES;
				GCC_WARN_64_TO_32_BIT_CONVERSION = YES;
				GCC_WARN_ABOUT_RETURN_TYPE = YES_ERROR;
				GCC_WARN_UNDECLARED_SELECTOR = YES;
				GCC_WARN_UNINITIALIZED_AUTOS = YES_AGGRESSIVE;
				GCC_WARN_UNUSED_FUNCTION = YES;
				GCC_WARN_UNUSED_VARIABLE = YES;
				IPHONEOS_DEPLOYMENT_TARGET = 17.0;
				LOCALIZATION_PREFERS_STRING_CATALOGS = YES;
				MTL_ENABLE_DEBUG_INFO = NO;
				MTL_FAST_MATH = YES;
				SDKROOT = iphoneos;
				SWIFT_COMPILATION_MODE = wholemodule;
				VALIDATE_PRODUCT = YES;
			};
			name = Release;
		};
		09CDE72B2AD7B0E1000D1F21 /* Debug */ = {
			isa = XCBuildConfiguration;
			buildSettings = {
				ASSETCATALOG_COMPILER_APPICON_NAME = AppIcon;
				ASSETCATALOG_COMPILER_GLOBAL_ACCENT_COLOR_NAME = AccentColor;
				CODE_SIGN_STYLE = Automatic;
				CURRENT_PROJECT_VERSION = 1;
				DEVELOPMENT_ASSET_PATHS = "\"gdsc-ios-tutorial-by-sujileelea/Preview Content\"";
				DEVELOPMENT_TEAM = 53DAD6BN6X;
				ENABLE_PREVIEWS = YES;
				GENERATE_INFOPLIST_FILE = YES;
				INFOPLIST_KEY_UIApplicationSceneManifest_Generation = YES;
				INFOPLIST_KEY_UIApplicationSupportsIndirectInputEvents = YES;
				INFOPLIST_KEY_UILaunchScreen_Generation = YES;
				INFOPLIST_KEY_UISupportedInterfaceOrientations_iPad = "UIInterfaceOrientationPortrait UIInterfaceOrientationPortraitUpsideDown UIInterfaceOrientationLandscapeLeft UIInterfaceOrientationLandscapeRight";
				INFOPLIST_KEY_UISupportedInterfaceOrientations_iPhone = "UIInterfaceOrientationPortrait UIInterfaceOrientationLandscapeLeft UIInterfaceOrientationLandscapeRight";
				LD_RUNPATH_SEARCH_PATHS = (
					"$(inherited)",
					"@executable_path/Frameworks",
				);
				MARKETING_VERSION = 1.0;
				PRODUCT_BUNDLE_IDENTIFIER = "com.eelijus.sujileelea.gdsc-ios-tutorial-by-sujileelea";
				PRODUCT_NAME = "$(TARGET_NAME)";
				SWIFT_EMIT_LOC_STRINGS = YES;
				SWIFT_VERSION = 5.0;
				TARGETED_DEVICE_FAMILY = "1,2";
			};
			name = Debug;
		};
		09CDE72C2AD7B0E1000D1F21 /* Release */ = {
			isa = XCBuildConfiguration;
			buildSettings = {
				ASSETCATALOG_COMPILER_APPICON_NAME = AppIcon;
				ASSETCATALOG_COMPILER_GLOBAL_ACCENT_COLOR_NAME = AccentColor;
				CODE_SIGN_STYLE = Automatic;
				CURRENT_PROJECT_VERSION = 1;
				DEVELOPMENT_ASSET_PATHS = "\"gdsc-ios-tutorial-by-sujileelea/Preview Content\"";
				DEVELOPMENT_TEAM = 53DAD6BN6X;
				ENABLE_PREVIEWS = YES;
				GENERATE_INFOPLIST_FILE = YES;
				INFOPLIST_KEY_UIApplicationSceneManifest_Generation = YES;
				INFOPLIST_KEY_UIApplicationSupportsIndirectInputEvents = YES;
				INFOPLIST_KEY_UILaunchScreen_Generation = YES;
				INFOPLIST_KEY_UISupportedInterfaceOrientations_iPad = "UIInterfaceOrientationPortrait UIInterfaceOrientationPortraitUpsideDown UIInterfaceOrientationLandscapeLeft UIInterfaceOrientationLandscapeRight";
				INFOPLIST_KEY_UISupportedInterfaceOrientations_iPhone = "UIInterfaceOrientationPortrait UIInterfaceOrientationLandscapeLeft UIInterfaceOrientationLandscapeRight";
				LD_RUNPATH_SEARCH_PATHS = (
					"$(inherited)",
					"@executable_path/Frameworks",
				);
				MARKETING_VERSION = 1.0;
				PRODUCT_BUNDLE_IDENTIFIER = "com.eelijus.sujileelea.gdsc-ios-tutorial-by-sujileelea";
				PRODUCT_NAME = "$(TARGET_NAME)";
				SWIFT_EMIT_LOC_STRINGS = YES;
				SWIFT_VERSION = 5.0;
				TARGETED_DEVICE_FAMILY = "1,2";
			};
			name = Release;
		};
/* End XCBuildConfiguration section */

/* Begin XCConfigurationList section */
		09CDE7172AD7B0DE000D1F21 /* Build configuration list for PBXProject "gdsc-ios-tutorial-by-sujileelea" */ = {
			isa = XCConfigurationList;
			buildConfigurations = (
				09CDE7282AD7B0E1000D1F21 /* Debug */,
				09CDE7292AD7B0E1000D1F21 /* Release */,
			);
			defaultConfigurationIsVisible = 0;
			defaultConfigurationName = Release;
		};
		09CDE72A2AD7B0E1000D1F21 /* Build configuration list for PBXNativeTarget "gdsc-ios-tutorial-by-sujileelea" */ = {
			isa = XCConfigurationList;
			buildConfigurations = (
				09CDE72B2AD7B0E1000D1F21 /* Debug */,
				09CDE72C2AD7B0E1000D1F21 /* Release */,
			);
			defaultConfigurationIsVisible = 0;
			defaultConfigurationName = Release;
		};
/* End XCConfigurationList section */
	};
	rootObject = 09CDE7142AD7B0DE000D1F21 /* Project object */;
}
